// !$*UTF8*$!
{
	archiveVersion = 1;
	classes = {
	};
	objectVersion = 46;
	objects = {

/* Begin PBXBuildFile section */
		609B95964B23C64061260BE0 /* shader.cpp in Sources */ = {isa = PBXBuildFile; fileRef = 609B960B9600F3A51DAC960D /* shader.cpp */; };
		609B9670829AD51CB4FFCC9F /* texture_info.h in Headers */ = {isa = PBXBuildFile; fileRef = 609B9751889D329F8F321501 /* texture_info.h */; };
		609B990E8DBFB4482BB040F4 /* texture_info.cpp in Sources */ = {isa = PBXBuildFile; fileRef = 609B90FB1C32E62410985755 /* texture_info.cpp */; };
		609B992DA1099F42DF8DE874 /* ios_gfxutil.mm in Sources */ = {isa = PBXBuildFile; fileRef = 609B9CF90A69C4D2CC7D683E /* ios_gfxutil.mm */; };
		609B99F773A5529FA834B6BC /* rapidxml.hpp in Headers */ = {isa = PBXBuildFile; fileRef = 609B91B0BF21173BE16849F2 /* rapidxml.hpp */; };
		609B9B58B947E00AA4C163D7 /* shader.h in Headers */ = {isa = PBXBuildFile; fileRef = 609B97BB4CAB7F4D24E58F72 /* shader.h */; };
		609B9C119CBA7B91DB9F786A /* rapidxml_print.hpp in Headers */ = {isa = PBXBuildFile; fileRef = 609B947F1C1B7DAC1C0AAF70 /* rapidxml_print.hpp */; };
		609B9CE7CAD3BA137BE58687 /* rapidxml_utils.hpp in Headers */ = {isa = PBXBuildFile; fileRef = 609B9F36127D4BD6AFC46011 /* rapidxml_utils.hpp */; };
		609B9F065827CE9B0D1E3188 /* rapidxml_iterators.hpp in Headers */ = {isa = PBXBuildFile; fileRef = 609B9F631E5B077FD59849D0 /* rapidxml_iterators.hpp */; };
		6D35122C15A56F71000CA0C3 /* gameloop.cpp in Sources */ = {isa = PBXBuildFile; fileRef = 6D35122B15A56F71000CA0C3 /* gameloop.cpp */; };
		6D7167261690147D007D0B5F /* allocator.cpp in Sources */ = {isa = PBXBuildFile; fileRef = 6D7167201690147D007D0B5F /* allocator.cpp */; };
		6D7167271690147D007D0B5F /* assert.cpp in Sources */ = {isa = PBXBuildFile; fileRef = 6D7167211690147D007D0B5F /* assert.cpp */; };
		6D7167281690147D007D0B5F /* fixed_pool.cpp in Sources */ = {isa = PBXBuildFile; fileRef = 6D7167221690147D007D0B5F /* fixed_pool.cpp */; };
		6D7167291690147D007D0B5F /* hashtable.cpp in Sources */ = {isa = PBXBuildFile; fileRef = 6D7167231690147D007D0B5F /* hashtable.cpp */; };
		6D71672A1690147D007D0B5F /* red_black_tree.cpp in Sources */ = {isa = PBXBuildFile; fileRef = 6D7167241690147D007D0B5F /* red_black_tree.cpp */; };
		6D71672B1690147D007D0B5F /* string.cpp in Sources */ = {isa = PBXBuildFile; fileRef = 6D7167251690147D007D0B5F /* string.cpp */; };
		6D9352F515CBB27900F24ED5 /* scene_node.cpp in Sources */ = {isa = PBXBuildFile; fileRef = 6D9352F415CBB27900F24ED5 /* scene_node.cpp */; };
		6D9352F815CBBAFD00F24ED5 /* gbatch.cpp in Sources */ = {isa = PBXBuildFile; fileRef = 6D9352F715CBBAFD00F24ED5 /* gbatch.cpp */; };
		6D9352FC15D0F48700F24ED5 /* color_util.cpp in Sources */ = {isa = PBXBuildFile; fileRef = 6D9352FB15D0F48700F24ED5 /* color_util.cpp */; };
		6D93530015D153D500F24ED5 /* scene.cpp in Sources */ = {isa = PBXBuildFile; fileRef = 6D9352FF15D153D400F24ED5 /* scene.cpp */; };
		6D938AF415D9D76D0000A795 /* bstrlib.c in Sources */ = {isa = PBXBuildFile; fileRef = 6D938AF015D9D76D0000A795 /* bstrlib.c */; };
		6D938AF515D9D76D0000A795 /* bstrlib.h in Headers */ = {isa = PBXBuildFile; fileRef = 6D938AF115D9D76D0000A795 /* bstrlib.h */; };
		6D938AF615D9D76D0000A795 /* glsw.c in Sources */ = {isa = PBXBuildFile; fileRef = 6D938AF215D9D76D0000A795 /* glsw.c */; };
		6D938AF715D9D76D0000A795 /* glsw.h in Headers */ = {isa = PBXBuildFile; fileRef = 6D938AF315D9D76D0000A795 /* glsw.h */; };
		6D938B0715D9E2B50000A795 /* tinystr.cpp in Sources */ = {isa = PBXBuildFile; fileRef = 6D938B0115D9E2B50000A795 /* tinystr.cpp */; };
		6D938B0815D9E2B50000A795 /* tinystr.h in Headers */ = {isa = PBXBuildFile; fileRef = 6D938B0215D9E2B50000A795 /* tinystr.h */; };
		6D938B0915D9E2B50000A795 /* tinyxml.cpp in Sources */ = {isa = PBXBuildFile; fileRef = 6D938B0315D9E2B50000A795 /* tinyxml.cpp */; };
		6D938B0A15D9E2B50000A795 /* tinyxml.h in Headers */ = {isa = PBXBuildFile; fileRef = 6D938B0415D9E2B50000A795 /* tinyxml.h */; };
		6D938B0B15D9E2B50000A795 /* tinyxmlerror.cpp in Sources */ = {isa = PBXBuildFile; fileRef = 6D938B0515D9E2B50000A795 /* tinyxmlerror.cpp */; };
		6D938B0C15D9E2B50000A795 /* tinyxmlparser.cpp in Sources */ = {isa = PBXBuildFile; fileRef = 6D938B0615D9E2B50000A795 /* tinyxmlparser.cpp */; };
		6D938B0F15DA16810000A795 /* material.cpp in Sources */ = {isa = PBXBuildFile; fileRef = 6D938B0D15DA16800000A795 /* material.cpp */; };
		6D938B1015DA16810000A795 /* material.h in Headers */ = {isa = PBXBuildFile; fileRef = 6D938B0E15DA16800000A795 /* material.h */; };
		6D938B1315DA1B580000A795 /* param.cpp in Sources */ = {isa = PBXBuildFile; fileRef = 6D938B1215DA1B580000A795 /* param.cpp */; };
		6D938B3D15E35DC80000A795 /* material_db.cpp in Sources */ = {isa = PBXBuildFile; fileRef = 6D938B3C15E35DC80000A795 /* material_db.cpp */; };
		6DA6D49F15C60AC000168010 /* gbuff.cpp in Sources */ = {isa = PBXBuildFile; fileRef = 6DA6D49E15C60AC000168010 /* gbuff.cpp */; };
		6DA6D4A115C60B2400168010 /* render_device.cpp in Sources */ = {isa = PBXBuildFile; fileRef = 6DA6D4A015C60B2400168010 /* render_device.cpp */; };
		6DA6D4A615C616A100168010 /* gbuff_prim.cpp in Sources */ = {isa = PBXBuildFile; fileRef = 6DA6D4A515C616A100168010 /* gbuff_prim.cpp */; };
		6DA6D4AC15C62C0700168010 /* render_device_es2.cpp in Sources */ = {isa = PBXBuildFile; fileRef = 6DA6D4AB15C62C0700168010 /* render_device_es2.cpp */; };
		6DB5678D1581D2D8000A59ED /* Foundation.framework in Frameworks */ = {isa = PBXBuildFile; fileRef = 6DB5678C1581D2D8000A59ED /* Foundation.framework */; };
		6DB567A91581D3CC000A59ED /* allocator.cpp in Sources */ = {isa = PBXBuildFile; fileRef = 6DB567A21581D3CC000A59ED /* allocator.cpp */; };
		6DB567AA1581D3CC000A59ED /* debug.cpp in Sources */ = {isa = PBXBuildFile; fileRef = 6DB567A31581D3CC000A59ED /* debug.cpp */; };
		6DB567AB1581D3CC000A59ED /* debug.h in Headers */ = {isa = PBXBuildFile; fileRef = 6DB567A41581D3CC000A59ED /* debug.h */; };
		6DB567AD1581D3CC000A59ED /* platform.h in Headers */ = {isa = PBXBuildFile; fileRef = 6DB567A81581D3CC000A59ED /* platform.h */; };
		6DD2414015D5616D004C9360 /* scene_objfile.cpp in Sources */ = {isa = PBXBuildFile; fileRef = 6DD2413F15D5616D004C9360 /* scene_objfile.cpp */; };
		6DF342471581D6BB008FBD40 /* ios_debug.cpp in Sources */ = {isa = PBXBuildFile; fileRef = 6DF342461581D6BB008FBD40 /* ios_debug.cpp */; };
/* End PBXBuildFile section */

/* Begin PBXFileReference section */
		609B90FB1C32E62410985755 /* texture_info.cpp */ = {isa = PBXFileReference; fileEncoding = 4; lastKnownFileType = sourcecode.cpp.cpp; name = texture_info.cpp; path = render/texture_info.cpp; sourceTree = "<group>"; };
		609B91B0BF21173BE16849F2 /* rapidxml.hpp */ = {isa = PBXFileReference; fileEncoding = 4; lastKnownFileType = sourcecode.cpp.h; name = rapidxml.hpp; path = ../extern/rapidxml/rapidxml.hpp; sourceTree = "<group>"; };
		609B947F1C1B7DAC1C0AAF70 /* rapidxml_print.hpp */ = {isa = PBXFileReference; fileEncoding = 4; lastKnownFileType = sourcecode.cpp.h; name = rapidxml_print.hpp; path = ../extern/rapidxml/rapidxml_print.hpp; sourceTree = "<group>"; };
		609B960B9600F3A51DAC960D /* shader.cpp */ = {isa = PBXFileReference; fileEncoding = 4; lastKnownFileType = sourcecode.cpp.cpp; name = shader.cpp; path = render/shader.cpp; sourceTree = "<group>"; };
		609B9751889D329F8F321501 /* texture_info.h */ = {isa = PBXFileReference; fileEncoding = 4; lastKnownFileType = sourcecode.c.h; name = texture_info.h; path = render/texture_info.h; sourceTree = "<group>"; };
		609B97BB4CAB7F4D24E58F72 /* shader.h */ = {isa = PBXFileReference; fileEncoding = 4; lastKnownFileType = sourcecode.c.h; name = shader.h; path = render/shader.h; sourceTree = "<group>"; };
		609B9CF90A69C4D2CC7D683E /* ios_gfxutil.mm */ = {isa = PBXFileReference; fileEncoding = 4; lastKnownFileType = sourcecode.cpp.objcpp; path = ios_gfxutil.mm; sourceTree = "<group>"; };
		609B9F36127D4BD6AFC46011 /* rapidxml_utils.hpp */ = {isa = PBXFileReference; fileEncoding = 4; lastKnownFileType = sourcecode.cpp.h; name = rapidxml_utils.hpp; path = ../extern/rapidxml/rapidxml_utils.hpp; sourceTree = "<group>"; };
		609B9F631E5B077FD59849D0 /* rapidxml_iterators.hpp */ = {isa = PBXFileReference; fileEncoding = 4; lastKnownFileType = sourcecode.cpp.h; name = rapidxml_iterators.hpp; path = ../extern/rapidxml/rapidxml_iterators.hpp; sourceTree = "<group>"; };
		6D35122915A56B99000CA0C3 /* gameloop.h */ = {isa = PBXFileReference; lastKnownFileType = sourcecode.c.h; name = gameloop.h; path = game/gameloop.h; sourceTree = "<group>"; };
		6D35122B15A56F71000CA0C3 /* gameloop.cpp */ = {isa = PBXFileReference; fileEncoding = 4; lastKnownFileType = sourcecode.cpp.cpp; name = gameloop.cpp; path = game/gameloop.cpp; sourceTree = "<group>"; };
		6D7167201690147D007D0B5F /* allocator.cpp */ = {isa = PBXFileReference; fileEncoding = 4; lastKnownFileType = sourcecode.cpp.cpp; path = allocator.cpp; sourceTree = "<group>"; };
		6D7167211690147D007D0B5F /* assert.cpp */ = {isa = PBXFileReference; fileEncoding = 4; lastKnownFileType = sourcecode.cpp.cpp; path = assert.cpp; sourceTree = "<group>"; };
		6D7167221690147D007D0B5F /* fixed_pool.cpp */ = {isa = PBXFileReference; fileEncoding = 4; lastKnownFileType = sourcecode.cpp.cpp; path = fixed_pool.cpp; sourceTree = "<group>"; };
		6D7167231690147D007D0B5F /* hashtable.cpp */ = {isa = PBXFileReference; fileEncoding = 4; lastKnownFileType = sourcecode.cpp.cpp; path = hashtable.cpp; sourceTree = "<group>"; };
		6D7167241690147D007D0B5F /* red_black_tree.cpp */ = {isa = PBXFileReference; fileEncoding = 4; lastKnownFileType = sourcecode.cpp.cpp; path = red_black_tree.cpp; sourceTree = "<group>"; };
		6D7167251690147D007D0B5F /* string.cpp */ = {isa = PBXFileReference; fileEncoding = 4; lastKnownFileType = sourcecode.cpp.cpp; path = string.cpp; sourceTree = "<group>"; };
		6D9352F215CBB26100F24ED5 /* scene_node.h */ = {isa = PBXFileReference; lastKnownFileType = sourcecode.c.h; name = scene_node.h; path = render/scene_node.h; sourceTree = "<group>"; };
		6D9352F415CBB27900F24ED5 /* scene_node.cpp */ = {isa = PBXFileReference; fileEncoding = 4; lastKnownFileType = sourcecode.cpp.cpp; name = scene_node.cpp; path = render/scene_node.cpp; sourceTree = "<group>"; };
		6D9352F615CBBA7600F24ED5 /* gbatch.h */ = {isa = PBXFileReference; lastKnownFileType = sourcecode.c.h; name = gbatch.h; path = render/gbatch.h; sourceTree = "<group>"; };
		6D9352F715CBBAFD00F24ED5 /* gbatch.cpp */ = {isa = PBXFileReference; fileEncoding = 4; lastKnownFileType = sourcecode.cpp.cpp; name = gbatch.cpp; path = render/gbatch.cpp; sourceTree = "<group>"; };
		6D9352FA15D0F45700F24ED5 /* color_util.h */ = {isa = PBXFileReference; lastKnownFileType = sourcecode.c.h; name = color_util.h; path = render/color_util.h; sourceTree = "<group>"; };
		6D9352FB15D0F48700F24ED5 /* color_util.cpp */ = {isa = PBXFileReference; fileEncoding = 4; lastKnownFileType = sourcecode.cpp.cpp; name = color_util.cpp; path = render/color_util.cpp; sourceTree = "<group>"; };
		6D9352FD15D0F53E00F24ED5 /* util.h */ = {isa = PBXFileReference; lastKnownFileType = sourcecode.c.h; path = util.h; sourceTree = "<group>"; };
		6D9352FE15D153B900F24ED5 /* scene.h */ = {isa = PBXFileReference; lastKnownFileType = sourcecode.c.h; name = scene.h; path = render/scene.h; sourceTree = "<group>"; };
		6D9352FF15D153D400F24ED5 /* scene.cpp */ = {isa = PBXFileReference; fileEncoding = 4; lastKnownFileType = sourcecode.cpp.cpp; name = scene.cpp; path = render/scene.cpp; sourceTree = "<group>"; };
		6D938AF015D9D76D0000A795 /* bstrlib.c */ = {isa = PBXFileReference; fileEncoding = 4; lastKnownFileType = sourcecode.c.c; path = bstrlib.c; sourceTree = "<group>"; };
		6D938AF115D9D76D0000A795 /* bstrlib.h */ = {isa = PBXFileReference; fileEncoding = 4; lastKnownFileType = sourcecode.c.h; path = bstrlib.h; sourceTree = "<group>"; };
		6D938AF215D9D76D0000A795 /* glsw.c */ = {isa = PBXFileReference; fileEncoding = 4; lastKnownFileType = sourcecode.c.c; path = glsw.c; sourceTree = "<group>"; };
		6D938AF315D9D76D0000A795 /* glsw.h */ = {isa = PBXFileReference; fileEncoding = 4; lastKnownFileType = sourcecode.c.h; path = glsw.h; sourceTree = "<group>"; };
		6D938B0115D9E2B50000A795 /* tinystr.cpp */ = {isa = PBXFileReference; fileEncoding = 4; lastKnownFileType = sourcecode.cpp.cpp; name = tinystr.cpp; path = ../extern/tinyxml/tinystr.cpp; sourceTree = "<group>"; };
		6D938B0215D9E2B50000A795 /* tinystr.h */ = {isa = PBXFileReference; fileEncoding = 4; lastKnownFileType = sourcecode.c.h; name = tinystr.h; path = ../extern/tinyxml/tinystr.h; sourceTree = "<group>"; };
		6D938B0315D9E2B50000A795 /* tinyxml.cpp */ = {isa = PBXFileReference; fileEncoding = 4; lastKnownFileType = sourcecode.cpp.cpp; name = tinyxml.cpp; path = ../extern/tinyxml/tinyxml.cpp; sourceTree = "<group>"; };
		6D938B0415D9E2B50000A795 /* tinyxml.h */ = {isa = PBXFileReference; fileEncoding = 4; lastKnownFileType = sourcecode.c.h; name = tinyxml.h; path = ../extern/tinyxml/tinyxml.h; sourceTree = "<group>"; };
		6D938B0515D9E2B50000A795 /* tinyxmlerror.cpp */ = {isa = PBXFileReference; fileEncoding = 4; lastKnownFileType = sourcecode.cpp.cpp; name = tinyxmlerror.cpp; path = ../extern/tinyxml/tinyxmlerror.cpp; sourceTree = "<group>"; };
		6D938B0615D9E2B50000A795 /* tinyxmlparser.cpp */ = {isa = PBXFileReference; fileEncoding = 4; lastKnownFileType = sourcecode.cpp.cpp; name = tinyxmlparser.cpp; path = ../extern/tinyxml/tinyxmlparser.cpp; sourceTree = "<group>"; };
		6D938B0D15DA16800000A795 /* material.cpp */ = {isa = PBXFileReference; fileEncoding = 4; lastKnownFileType = sourcecode.cpp.cpp; name = material.cpp; path = render/material.cpp; sourceTree = "<group>"; };
		6D938B0E15DA16800000A795 /* material.h */ = {isa = PBXFileReference; fileEncoding = 4; lastKnownFileType = sourcecode.c.h; name = material.h; path = render/material.h; sourceTree = "<group>"; };
		6D938B1115DA1B1B0000A795 /* param.h */ = {isa = PBXFileReference; lastKnownFileType = sourcecode.c.h; name = param.h; path = render/param.h; sourceTree = "<group>"; };
		6D938B1215DA1B580000A795 /* param.cpp */ = {isa = PBXFileReference; fileEncoding = 4; lastKnownFileType = sourcecode.cpp.cpp; name = param.cpp; path = render/param.cpp; sourceTree = "<group>"; };
		6D938B3B15E35DAE0000A795 /* material_db.h */ = {isa = PBXFileReference; lastKnownFileType = sourcecode.c.h; name = material_db.h; path = render/material_db.h; sourceTree = "<group>"; };
		6D938B3C15E35DC80000A795 /* material_db.cpp */ = {isa = PBXFileReference; fileEncoding = 4; lastKnownFileType = sourcecode.cpp.cpp; name = material_db.cpp; path = render/material_db.cpp; sourceTree = "<group>"; };
		6DA6D49C15C6080A00168010 /* gbuff.h */ = {isa = PBXFileReference; fileEncoding = 4; lastKnownFileType = sourcecode.c.h; name = gbuff.h; path = render/gbuff.h; sourceTree = "<group>"; };
		6DA6D49E15C60AC000168010 /* gbuff.cpp */ = {isa = PBXFileReference; fileEncoding = 4; lastKnownFileType = sourcecode.cpp.cpp; name = gbuff.cpp; path = render/gbuff.cpp; sourceTree = "<group>"; };
		6DA6D4A015C60B2400168010 /* render_device.cpp */ = {isa = PBXFileReference; fileEncoding = 4; lastKnownFileType = sourcecode.cpp.cpp; name = render_device.cpp; path = render/render_device.cpp; sourceTree = "<group>"; };
		6DA6D4A215C60B3D00168010 /* render_device.h */ = {isa = PBXFileReference; lastKnownFileType = sourcecode.c.h; name = render_device.h; path = render/render_device.h; sourceTree = "<group>"; };
		6DA6D4A315C60DFF00168010 /* drawvert.h */ = {isa = PBXFileReference; lastKnownFileType = sourcecode.c.h; name = drawvert.h; path = render/drawvert.h; sourceTree = "<group>"; };
		6DA6D4A415C6161000168010 /* gbuff_prim.h */ = {isa = PBXFileReference; lastKnownFileType = sourcecode.c.h; name = gbuff_prim.h; path = render/gbuff_prim.h; sourceTree = "<group>"; };
		6DA6D4A515C616A100168010 /* gbuff_prim.cpp */ = {isa = PBXFileReference; fileEncoding = 4; lastKnownFileType = sourcecode.cpp.cpp; name = gbuff_prim.cpp; path = render/gbuff_prim.cpp; sourceTree = "<group>"; };
		6DA6D4A815C62B0200168010 /* render_device_es2.h */ = {isa = PBXFileReference; lastKnownFileType = sourcecode.c.h; name = render_device_es2.h; path = render/render_device_es2.h; sourceTree = "<group>"; };
		6DA6D4AB15C62C0700168010 /* render_device_es2.cpp */ = {isa = PBXFileReference; fileEncoding = 4; lastKnownFileType = sourcecode.cpp.cpp; name = render_device_es2.cpp; path = render/render_device_es2.cpp; sourceTree = "<group>"; };
		6DB567891581D2D8000A59ED /* libluddite_ios.a */ = {isa = PBXFileReference; explicitFileType = archive.ar; includeInIndex = 0; path = libluddite_ios.a; sourceTree = BUILT_PRODUCTS_DIR; };
		6DB5678C1581D2D8000A59ED /* Foundation.framework */ = {isa = PBXFileReference; lastKnownFileType = wrapper.framework; name = Foundation.framework; path = System/Library/Frameworks/Foundation.framework; sourceTree = SDKROOT; };
		6DB567901581D2D8000A59ED /* luddite_ios-Prefix.pch */ = {isa = PBXFileReference; lastKnownFileType = sourcecode.c.h; path = "luddite_ios-Prefix.pch"; sourceTree = "<group>"; };
		6DB567A01581D3CC000A59ED /* CMakeLists.txt */ = {isa = PBXFileReference; fileEncoding = 4; lastKnownFileType = text; path = CMakeLists.txt; sourceTree = "<group>"; };
		6DB567A21581D3CC000A59ED /* allocator.cpp */ = {isa = PBXFileReference; fileEncoding = 4; lastKnownFileType = sourcecode.cpp.cpp; path = allocator.cpp; sourceTree = "<group>"; };
		6DB567A31581D3CC000A59ED /* debug.cpp */ = {isa = PBXFileReference; fileEncoding = 4; lastKnownFileType = sourcecode.cpp.cpp; path = debug.cpp; sourceTree = "<group>"; };
		6DB567A41581D3CC000A59ED /* debug.h */ = {isa = PBXFileReference; fileEncoding = 4; lastKnownFileType = sourcecode.c.h; path = debug.h; sourceTree = "<group>"; };
		6DB567A81581D3CC000A59ED /* platform.h */ = {isa = PBXFileReference; fileEncoding = 4; lastKnownFileType = sourcecode.c.h; path = platform.h; sourceTree = "<group>"; };
		6DD2413D15D56154004C9360 /* scene_objfile.h */ = {isa = PBXFileReference; lastKnownFileType = sourcecode.c.h; name = scene_objfile.h; path = render/scene_objfile.h; sourceTree = "<group>"; };
		6DD2413F15D5616D004C9360 /* scene_objfile.cpp */ = {isa = PBXFileReference; fileEncoding = 4; lastKnownFileType = sourcecode.cpp.cpp; name = scene_objfile.cpp; path = render/scene_objfile.cpp; sourceTree = "<group>"; };
		6DF342461581D6BB008FBD40 /* ios_debug.cpp */ = {isa = PBXFileReference; fileEncoding = 4; lastKnownFileType = sourcecode.cpp.cpp; path = ios_debug.cpp; sourceTree = "<group>"; };
/* End PBXFileReference section */

/* Begin PBXFrameworksBuildPhase section */
		6DB567861581D2D8000A59ED /* Frameworks */ = {
			isa = PBXFrameworksBuildPhase;
			buildActionMask = 2147483647;
			files = (
				6DB5678D1581D2D8000A59ED /* Foundation.framework in Frameworks */,
			);
			runOnlyForDeploymentPostprocessing = 0;
		};
/* End PBXFrameworksBuildPhase section */

/* Begin PBXGroup section */
		609B9E132816898B074FEB58 /* rapidxml */ = {
			isa = PBXGroup;
			children = (
				609B91B0BF21173BE16849F2 /* rapidxml.hpp */,
				609B9F631E5B077FD59849D0 /* rapidxml_iterators.hpp */,
				609B947F1C1B7DAC1C0AAF70 /* rapidxml_print.hpp */,
				609B9F36127D4BD6AFC46011 /* rapidxml_utils.hpp */,
			);
			name = rapidxml;
			sourceTree = "<group>";
		};
		6D35122D15A56F7E000CA0C3 /* game */ = {
			isa = PBXGroup;
			children = (
				6D35122915A56B99000CA0C3 /* gameloop.h */,
				6D35122B15A56F71000CA0C3 /* gameloop.cpp */,
			);
			name = game;
			sourceTree = "<group>";
		};
		6D71671F1690147D007D0B5F /* eastl */ = {
			isa = PBXGroup;
			children = (
				6D7167201690147D007D0B5F /* allocator.cpp */,
				6D7167211690147D007D0B5F /* assert.cpp */,
				6D7167221690147D007D0B5F /* fixed_pool.cpp */,
				6D7167231690147D007D0B5F /* hashtable.cpp */,
				6D7167241690147D007D0B5F /* red_black_tree.cpp */,
				6D7167251690147D007D0B5F /* string.cpp */,
			);
			name = eastl;
			path = ../extern/eastl/src;
			sourceTree = "<group>";
		};
		6D938AED15D9D6E70000A795 /* extern */ = {
			isa = PBXGroup;
			children = (
				6D71671F1690147D007D0B5F /* eastl */,
				6D938B0015D9E2900000A795 /* tinyxml */,
				6D938AEF15D9D76D0000A795 /* glsw */,
				609B9E132816898B074FEB58 /* rapidxml */,
			);
			name = extern;
			sourceTree = "<group>";
		};
		6D938AEF15D9D76D0000A795 /* glsw */ = {
			isa = PBXGroup;
			children = (
				6D938AF015D9D76D0000A795 /* bstrlib.c */,
				6D938AF115D9D76D0000A795 /* bstrlib.h */,
				6D938AF215D9D76D0000A795 /* glsw.c */,
				6D938AF315D9D76D0000A795 /* glsw.h */,
			);
			name = glsw;
			path = ../extern/glsw;
			sourceTree = "<group>";
		};
		6D938B0015D9E2900000A795 /* tinyxml */ = {
			isa = PBXGroup;
			children = (
				6D938B0115D9E2B50000A795 /* tinystr.cpp */,
				6D938B0215D9E2B50000A795 /* tinystr.h */,
				6D938B0315D9E2B50000A795 /* tinyxml.cpp */,
				6D938B0415D9E2B50000A795 /* tinyxml.h */,
				6D938B0515D9E2B50000A795 /* tinyxmlerror.cpp */,
				6D938B0615D9E2B50000A795 /* tinyxmlparser.cpp */,
			);
			name = tinyxml;
			sourceTree = "<group>";
		};
		6DA6D49A15C6079E00168010 /* render */ = {
			isa = PBXGroup;
			children = (
				6D9352FA15D0F45700F24ED5 /* color_util.h */,
				6D9352FB15D0F48700F24ED5 /* color_util.cpp */,
				6DA6D4A315C60DFF00168010 /* drawvert.h */,
				6DA6D49C15C6080A00168010 /* gbuff.h */,
				6DA6D49E15C60AC000168010 /* gbuff.cpp */,
				6D9352F615CBBA7600F24ED5 /* gbatch.h */,
				6D9352F715CBBAFD00F24ED5 /* gbatch.cpp */,
				6DA6D4A415C6161000168010 /* gbuff_prim.h */,
				6DA6D4A515C616A100168010 /* gbuff_prim.cpp */,
				6D938B0E15DA16800000A795 /* material.h */,
				6D938B0D15DA16800000A795 /* material.cpp */,
				6D938B3B15E35DAE0000A795 /* material_db.h */,
				6D938B3C15E35DC80000A795 /* material_db.cpp */,
				6DA6D4A215C60B3D00168010 /* render_device.h */,
				6DA6D4A015C60B2400168010 /* render_device.cpp */,
				6DA6D4A815C62B0200168010 /* render_device_es2.h */,
				6DA6D4AB15C62C0700168010 /* render_device_es2.cpp */,
				6D9352FE15D153B900F24ED5 /* scene.h */,
				6D9352FF15D153D400F24ED5 /* scene.cpp */,
				6D9352F215CBB26100F24ED5 /* scene_node.h */,
				6D9352F415CBB27900F24ED5 /* scene_node.cpp */,
				6DD2413D15D56154004C9360 /* scene_objfile.h */,
				6DD2413F15D5616D004C9360 /* scene_objfile.cpp */,
				6D938B1115DA1B1B0000A795 /* param.h */,
				6D938B1215DA1B580000A795 /* param.cpp */,
				609B960B9600F3A51DAC960D /* shader.cpp */,
				609B97BB4CAB7F4D24E58F72 /* shader.h */,
				609B90FB1C32E62410985755 /* texture_info.cpp */,
				609B9751889D329F8F321501 /* texture_info.h */,
			);
			name = render;
			sourceTree = "<group>";
		};
		6DB5677E1581D2D8000A59ED = {
			isa = PBXGroup;
			children = (
				6DB5679F1581D3CC000A59ED /* luddite */,
				6DB5678E1581D2D8000A59ED /* luddite_ios */,
				6DB5678B1581D2D8000A59ED /* Frameworks */,
				6DB5678A1581D2D8000A59ED /* Products */,
			);
			sourceTree = "<group>";
		};
		6DB5678A1581D2D8000A59ED /* Products */ = {
			isa = PBXGroup;
			children = (
				6DB567891581D2D8000A59ED /* libluddite_ios.a */,
			);
			name = Products;
			sourceTree = "<group>";
		};
		6DB5678B1581D2D8000A59ED /* Frameworks */ = {
			isa = PBXGroup;
			children = (
				6DB5678C1581D2D8000A59ED /* Foundation.framework */,
			);
			name = Frameworks;
			sourceTree = "<group>";
		};
		6DB5678E1581D2D8000A59ED /* luddite_ios */ = {
			isa = PBXGroup;
			children = (
				6DB5678F1581D2D8000A59ED /* Supporting Files */,
			);
			path = luddite_ios;
			sourceTree = "<group>";
		};
		6DB5678F1581D2D8000A59ED /* Supporting Files */ = {
			isa = PBXGroup;
			children = (
				6DB567901581D2D8000A59ED /* luddite_ios-Prefix.pch */,
			);
			name = "Supporting Files";
			sourceTree = "<group>";
		};
		6DB5679F1581D3CC000A59ED /* luddite */ = {
			isa = PBXGroup;
			children = (
				6DB567A01581D3CC000A59ED /* CMakeLists.txt */,
				6D938AED15D9D6E70000A795 /* extern */,
				6DB567A11581D3CC000A59ED /* common */,
				6DB567A51581D3CC000A59ED /* platform */,
				6DA6D49A15C6079E00168010 /* render */,
				6D35122D15A56F7E000CA0C3 /* game */,
			);
			name = luddite;
			path = ../luddite;
			sourceTree = "<group>";
		};
		6DB567A11581D3CC000A59ED /* common */ = {
			isa = PBXGroup;
			children = (
				6DB567A21581D3CC000A59ED /* allocator.cpp */,
				6DB567A31581D3CC000A59ED /* debug.cpp */,
				6DB567A41581D3CC000A59ED /* debug.h */,
				6D9352FD15D0F53E00F24ED5 /* util.h */,
			);
			path = common;
			sourceTree = "<group>";
		};
		6DB567A51581D3CC000A59ED /* platform */ = {
			isa = PBXGroup;
			children = (
				6DF342451581D6BB008FBD40 /* ios */,
				6DB567A81581D3CC000A59ED /* platform.h */,
			);
			path = platform;
			sourceTree = "<group>";
		};
		6DF342451581D6BB008FBD40 /* ios */ = {
			isa = PBXGroup;
			children = (
				6DF342461581D6BB008FBD40 /* ios_debug.cpp */,
				609B9CF90A69C4D2CC7D683E /* ios_gfxutil.mm */,
			);
			path = ios;
			sourceTree = "<group>";
		};
/* End PBXGroup section */

/* Begin PBXHeadersBuildPhase section */
		6DB567871581D2D8000A59ED /* Headers */ = {
			isa = PBXHeadersBuildPhase;
			buildActionMask = 2147483647;
			files = (
				6DB567AB1581D3CC000A59ED /* debug.h in Headers */,
				6DB567AD1581D3CC000A59ED /* platform.h in Headers */,
				6D938AF515D9D76D0000A795 /* bstrlib.h in Headers */,
				6D938AF715D9D76D0000A795 /* glsw.h in Headers */,
				6D938B0815D9E2B50000A795 /* tinystr.h in Headers */,
				6D938B0A15D9E2B50000A795 /* tinyxml.h in Headers */,
				6D938B1015DA16810000A795 /* material.h in Headers */,
				609B99F773A5529FA834B6BC /* rapidxml.hpp in Headers */,
				609B9F065827CE9B0D1E3188 /* rapidxml_iterators.hpp in Headers */,
				609B9C119CBA7B91DB9F786A /* rapidxml_print.hpp in Headers */,
				609B9CE7CAD3BA137BE58687 /* rapidxml_utils.hpp in Headers */,
				609B9B58B947E00AA4C163D7 /* shader.h in Headers */,
				609B9670829AD51CB4FFCC9F /* texture_info.h in Headers */,
			);
			runOnlyForDeploymentPostprocessing = 0;
		};
/* End PBXHeadersBuildPhase section */

/* Begin PBXNativeTarget section */
		6DB567881581D2D8000A59ED /* luddite_ios */ = {
			isa = PBXNativeTarget;
			buildConfigurationList = 6DB567961581D2D8000A59ED /* Build configuration list for PBXNativeTarget "luddite_ios" */;
			buildPhases = (
				6DB567851581D2D8000A59ED /* Sources */,
				6DB567861581D2D8000A59ED /* Frameworks */,
				6DB567871581D2D8000A59ED /* Headers */,
			);
			buildRules = (
			);
			dependencies = (
			);
			name = luddite_ios;
			productName = luddite_ios;
			productReference = 6DB567891581D2D8000A59ED /* libluddite_ios.a */;
			productType = "com.apple.product-type.library.static";
		};
/* End PBXNativeTarget section */

/* Begin PBXProject section */
		6DB567801581D2D8000A59ED /* Project object */ = {
			isa = PBXProject;
			attributes = {
				LastUpgradeCheck = 0430;
				ORGANIZATIONNAME = "Joel Davis";
			};
			buildConfigurationList = 6DB567831581D2D8000A59ED /* Build configuration list for PBXProject "luddite_ios" */;
			compatibilityVersion = "Xcode 3.2";
			developmentRegion = English;
			hasScannedForEncodings = 0;
			knownRegions = (
				en,
			);
			mainGroup = 6DB5677E1581D2D8000A59ED;
			productRefGroup = 6DB5678A1581D2D8000A59ED /* Products */;
			projectDirPath = "";
			projectRoot = "";
			targets = (
				6DB567881581D2D8000A59ED /* luddite_ios */,
			);
		};
/* End PBXProject section */

/* Begin PBXSourcesBuildPhase section */
		6DB567851581D2D8000A59ED /* Sources */ = {
			isa = PBXSourcesBuildPhase;
			buildActionMask = 2147483647;
			files = (
				6DB567A91581D3CC000A59ED /* allocator.cpp in Sources */,
				6DB567AA1581D3CC000A59ED /* debug.cpp in Sources */,
				6DF342471581D6BB008FBD40 /* ios_debug.cpp in Sources */,
				6D35122C15A56F71000CA0C3 /* gameloop.cpp in Sources */,
				6DA6D49F15C60AC000168010 /* gbuff.cpp in Sources */,
				6DA6D4A115C60B2400168010 /* render_device.cpp in Sources */,
				6DA6D4A615C616A100168010 /* gbuff_prim.cpp in Sources */,
				6DA6D4AC15C62C0700168010 /* render_device_es2.cpp in Sources */,
				6D9352F515CBB27900F24ED5 /* scene_node.cpp in Sources */,
				6D9352F815CBBAFD00F24ED5 /* gbatch.cpp in Sources */,
				6D9352FC15D0F48700F24ED5 /* color_util.cpp in Sources */,
				6D93530015D153D500F24ED5 /* scene.cpp in Sources */,
				6DD2414015D5616D004C9360 /* scene_objfile.cpp in Sources */,
				6D938AF415D9D76D0000A795 /* bstrlib.c in Sources */,
				6D938AF615D9D76D0000A795 /* glsw.c in Sources */,
				6D938B0715D9E2B50000A795 /* tinystr.cpp in Sources */,
				6D938B0915D9E2B50000A795 /* tinyxml.cpp in Sources */,
				6D938B0B15D9E2B50000A795 /* tinyxmlerror.cpp in Sources */,
				6D938B0C15D9E2B50000A795 /* tinyxmlparser.cpp in Sources */,
				6D938B0F15DA16810000A795 /* material.cpp in Sources */,
				6D938B1315DA1B580000A795 /* param.cpp in Sources */,
				6D938B3D15E35DC80000A795 /* material_db.cpp in Sources */,
				6D7167261690147D007D0B5F /* allocator.cpp in Sources */,
				6D7167271690147D007D0B5F /* assert.cpp in Sources */,
				6D7167281690147D007D0B5F /* fixed_pool.cpp in Sources */,
				6D7167291690147D007D0B5F /* hashtable.cpp in Sources */,
				6D71672A1690147D007D0B5F /* red_black_tree.cpp in Sources */,
				6D71672B1690147D007D0B5F /* string.cpp in Sources */,
				609B95964B23C64061260BE0 /* shader.cpp in Sources */,
				609B992DA1099F42DF8DE874 /* ios_gfxutil.mm in Sources */,
				609B990E8DBFB4482BB040F4 /* texture_info.cpp in Sources */,
			);
			runOnlyForDeploymentPostprocessing = 0;
		};
/* End PBXSourcesBuildPhase section */

/* Begin XCBuildConfiguration section */
		6DB567941581D2D8000A59ED /* Debug */ = {
			isa = XCBuildConfiguration;
			buildSettings = {
				ALWAYS_SEARCH_USER_PATHS = NO;
				ARCHS = "$(ARCHS_STANDARD_32_BIT)";
				CLANG_CXX_LANGUAGE_STANDARD = "compiler-default";
				COPY_PHASE_STRIP = NO;
				FRAMEWORK_SEARCH_PATHS = "";
				GCC_C_LANGUAGE_STANDARD = gnu99;
				GCC_DYNAMIC_NO_PIC = NO;
				GCC_OPTIMIZATION_LEVEL = 0;
				GCC_PREPROCESSOR_DEFINITIONS = (
					"DEBUG=1",
					"$(inherited)",
				);
				GCC_SYMBOLS_PRIVATE_EXTERN = NO;
				GCC_VERSION = com.apple.compilers.llvm.clang.1_0;
				GCC_WARN_ABOUT_RETURN_TYPE = YES;
				GCC_WARN_UNINITIALIZED_AUTOS = YES;
				GCC_WARN_UNUSED_VARIABLE = YES;
				HEADER_SEARCH_PATHS = (
					"\"${SRCROOT}/../luddite/\"",
					"\"$(SRCROOT)/../extern/eastl/include/\"",
					"\"$(SRCROOT)/../\"",
					"\"$(SRCROOT)/../extern/\"",
				);
				IPHONEOS_DEPLOYMENT_TARGET = 5.1;
				SDKROOT = iphoneos;
			};
			name = Debug;
		};
		6DB567951581D2D8000A59ED /* Release */ = {
			isa = XCBuildConfiguration;
			buildSettings = {
				ALWAYS_SEARCH_USER_PATHS = NO;
				ARCHS = "$(ARCHS_STANDARD_32_BIT)";
				CLANG_CXX_LANGUAGE_STANDARD = "compiler-default";
				COPY_PHASE_STRIP = YES;
				FRAMEWORK_SEARCH_PATHS = "";
				GCC_C_LANGUAGE_STANDARD = gnu99;
				GCC_VERSION = com.apple.compilers.llvm.clang.1_0;
				GCC_WARN_ABOUT_RETURN_TYPE = YES;
				GCC_WARN_UNINITIALIZED_AUTOS = YES;
				GCC_WARN_UNUSED_VARIABLE = YES;
				HEADER_SEARCH_PATHS = (
					"\"${SRCROOT}/../luddite/\"",
					"\"$(SRCROOT)/../extern/eastl/include/\"",
					"\"$(SRCROOT)/../\"",
					"\"$(SRCROOT)/../extern/\"",
				);
				IPHONEOS_DEPLOYMENT_TARGET = 5.1;
				SDKROOT = iphoneos;
				VALIDATE_PRODUCT = YES;
			};
			name = Release;
		};
		6DB567971581D2D8000A59ED /* Debug */ = {
			isa = XCBuildConfiguration;
			buildSettings = {
				DSTROOT = /tmp/luddite_ios.dst;
				GCC_PRECOMPILE_PREFIX_HEADER = YES;
				GCC_PREFIX_HEADER = "luddite_ios/luddite_ios-Prefix.pch";
				HEADER_SEARCH_PATHS = (
					"\"${SRCROOT}/../luddite/\"",
					"\"$(SRCROOT)/../extern/eastl/include/\"",
					"\"$(SRCROOT)/../\"",
					"\"$(SRCROOT)/../extern/\"",
					"\"$(SRCROOT)/../extern/rapidxml\"",
				);
				OTHER_LDFLAGS = "-ObjC";
				PRODUCT_NAME = "$(TARGET_NAME)";
				SKIP_INSTALL = YES;
			};
			name = Debug;
		};
		6DB567981581D2D8000A59ED /* Release */ = {
			isa = XCBuildConfiguration;
			buildSettings = {
				DSTROOT = /tmp/luddite_ios.dst;
				GCC_PRECOMPILE_PREFIX_HEADER = YES;
				GCC_PREFIX_HEADER = "luddite_ios/luddite_ios-Prefix.pch";
				HEADER_SEARCH_PATHS = (
					"\"${SRCROOT}/../luddite/\"",
					"\"$(SRCROOT)/../extern/eastl/include/\"",
					"\"$(SRCROOT)/../\"",
					"\"$(SRCROOT)/../extern/\"",
					"\"$(SRCROOT)/../extern/rapidxml\"",
				);
				OTHER_LDFLAGS = "-ObjC";
				PRODUCT_NAME = "$(TARGET_NAME)";
				SKIP_INSTALL = YES;
			};
			name = Release;
		};
/* End XCBuildConfiguration section */

/* Begin XCConfigurationList section */
		6DB567831581D2D8000A59ED /* Build configuration list for PBXProject "luddite_ios" */ = {
			isa = XCConfigurationList;
			buildConfigurations = (
				6DB567941581D2D8000A59ED /* Debug */,
				6DB567951581D2D8000A59ED /* Release */,
			);
			defaultConfigurationIsVisible = 0;
			defaultConfigurationName = Release;
		};
		6DB567961581D2D8000A59ED /* Build configuration list for PBXNativeTarget "luddite_ios" */ = {
			isa = XCConfigurationList;
			buildConfigurations = (
				6DB567971581D2D8000A59ED /* Debug */,
				6DB567981581D2D8000A59ED /* Release */,
			);
			defaultConfigurationIsVisible = 0;
			defaultConfigurationName = Release;
		};
/* End XCConfigurationList section */
	};
	rootObject = 6DB567801581D2D8000A59ED /* Project object */;
}
