// !$*UTF8*$!
{
	archiveVersion = 1;
	classes = {
	};
	objectVersion = 46;
	objects = {

/* Begin PBXBuildFile section */
		6D35122C15A56F71000CA0C3 /* gameloop.cpp in Sources */ = {isa = PBXBuildFile; fileRef = 6D35122B15A56F71000CA0C3 /* gameloop.cpp */; };
		6D9352F515CBB27900F24ED5 /* scene_node.cpp in Sources */ = {isa = PBXBuildFile; fileRef = 6D9352F415CBB27900F24ED5 /* scene_node.cpp */; };
		6D9352F815CBBAFD00F24ED5 /* gbatch.cpp in Sources */ = {isa = PBXBuildFile; fileRef = 6D9352F715CBBAFD00F24ED5 /* gbatch.cpp */; };
		6DA6D49F15C60AC000168010 /* gbuff.cpp in Sources */ = {isa = PBXBuildFile; fileRef = 6DA6D49E15C60AC000168010 /* gbuff.cpp */; };
		6DA6D4A115C60B2400168010 /* render_device.cpp in Sources */ = {isa = PBXBuildFile; fileRef = 6DA6D4A015C60B2400168010 /* render_device.cpp */; };
		6DA6D4A615C616A100168010 /* gbuff_prim.cpp in Sources */ = {isa = PBXBuildFile; fileRef = 6DA6D4A515C616A100168010 /* gbuff_prim.cpp */; };
		6DA6D4AC15C62C0700168010 /* render_device_es2.cpp in Sources */ = {isa = PBXBuildFile; fileRef = 6DA6D4AB15C62C0700168010 /* render_device_es2.cpp */; };
		6DB5678D1581D2D8000A59ED /* Foundation.framework in Frameworks */ = {isa = PBXBuildFile; fileRef = 6DB5678C1581D2D8000A59ED /* Foundation.framework */; };
		6DB567A91581D3CC000A59ED /* allocator.cpp in Sources */ = {isa = PBXBuildFile; fileRef = 6DB567A21581D3CC000A59ED /* allocator.cpp */; };
		6DB567AA1581D3CC000A59ED /* debug.cpp in Sources */ = {isa = PBXBuildFile; fileRef = 6DB567A31581D3CC000A59ED /* debug.cpp */; };
		6DB567AB1581D3CC000A59ED /* debug.h in Headers */ = {isa = PBXBuildFile; fileRef = 6DB567A41581D3CC000A59ED /* debug.h */; };
		6DB567AD1581D3CC000A59ED /* platform.h in Headers */ = {isa = PBXBuildFile; fileRef = 6DB567A81581D3CC000A59ED /* platform.h */; };
		6DF342471581D6BB008FBD40 /* ios_debug.cpp in Sources */ = {isa = PBXBuildFile; fileRef = 6DF342461581D6BB008FBD40 /* ios_debug.cpp */; };
/* End PBXBuildFile section */

/* Begin PBXFileReference section */
		6D35122915A56B99000CA0C3 /* gameloop.h */ = {isa = PBXFileReference; lastKnownFileType = sourcecode.c.h; name = gameloop.h; path = game/gameloop.h; sourceTree = "<group>"; };
		6D35122B15A56F71000CA0C3 /* gameloop.cpp */ = {isa = PBXFileReference; fileEncoding = 4; lastKnownFileType = sourcecode.cpp.cpp; name = gameloop.cpp; path = game/gameloop.cpp; sourceTree = "<group>"; };
		6D9352F215CBB26100F24ED5 /* scene_node.h */ = {isa = PBXFileReference; lastKnownFileType = sourcecode.c.h; name = scene_node.h; path = render/scene_node.h; sourceTree = "<group>"; };
		6D9352F415CBB27900F24ED5 /* scene_node.cpp */ = {isa = PBXFileReference; fileEncoding = 4; lastKnownFileType = sourcecode.cpp.cpp; name = scene_node.cpp; path = render/scene_node.cpp; sourceTree = "<group>"; };
		6D9352F615CBBA7600F24ED5 /* gbatch.h */ = {isa = PBXFileReference; lastKnownFileType = sourcecode.c.h; name = gbatch.h; path = render/gbatch.h; sourceTree = "<group>"; };
		6D9352F715CBBAFD00F24ED5 /* gbatch.cpp */ = {isa = PBXFileReference; fileEncoding = 4; lastKnownFileType = sourcecode.cpp.cpp; name = gbatch.cpp; path = render/gbatch.cpp; sourceTree = "<group>"; };
		6DA6D49C15C6080A00168010 /* gbuff.h */ = {isa = PBXFileReference; fileEncoding = 4; lastKnownFileType = sourcecode.c.h; name = gbuff.h; path = render/gbuff.h; sourceTree = "<group>"; };
		6DA6D49E15C60AC000168010 /* gbuff.cpp */ = {isa = PBXFileReference; fileEncoding = 4; lastKnownFileType = sourcecode.cpp.cpp; name = gbuff.cpp; path = render/gbuff.cpp; sourceTree = "<group>"; };
		6DA6D4A015C60B2400168010 /* render_device.cpp */ = {isa = PBXFileReference; fileEncoding = 4; lastKnownFileType = sourcecode.cpp.cpp; name = render_device.cpp; path = render/render_device.cpp; sourceTree = "<group>"; };
		6DA6D4A215C60B3D00168010 /* render_device.h */ = {isa = PBXFileReference; lastKnownFileType = sourcecode.c.h; name = render_device.h; path = render/render_device.h; sourceTree = "<group>"; };
		6DA6D4A315C60DFF00168010 /* drawvert.h */ = {isa = PBXFileReference; lastKnownFileType = sourcecode.c.h; name = drawvert.h; path = render/drawvert.h; sourceTree = "<group>"; };
		6DA6D4A415C6161000168010 /* gbuff_prim.h */ = {isa = PBXFileReference; lastKnownFileType = sourcecode.c.h; name = gbuff_prim.h; path = render/gbuff_prim.h; sourceTree = "<group>"; };
		6DA6D4A515C616A100168010 /* gbuff_prim.cpp */ = {isa = PBXFileReference; fileEncoding = 4; lastKnownFileType = sourcecode.cpp.cpp; name = gbuff_prim.cpp; path = render/gbuff_prim.cpp; sourceTree = "<group>"; };
		6DA6D4A815C62B0200168010 /* render_device_es2.h */ = {isa = PBXFileReference; lastKnownFileType = sourcecode.c.h; name = render_device_es2.h; path = render/render_device_es2.h; sourceTree = "<group>"; };
		6DA6D4AB15C62C0700168010 /* render_device_es2.cpp */ = {isa = PBXFileReference; fileEncoding = 4; lastKnownFileType = sourcecode.cpp.cpp; name = render_device_es2.cpp; path = render/render_device_es2.cpp; sourceTree = "<group>"; };
		6DB567891581D2D8000A59ED /* libluddite_ios.a */ = {isa = PBXFileReference; explicitFileType = archive.ar; includeInIndex = 0; path = libluddite_ios.a; sourceTree = BUILT_PRODUCTS_DIR; };
		6DB5678C1581D2D8000A59ED /* Foundation.framework */ = {isa = PBXFileReference; lastKnownFileType = wrapper.framework; name = Foundation.framework; path = System/Library/Frameworks/Foundation.framework; sourceTree = SDKROOT; };
		6DB567901581D2D8000A59ED /* luddite_ios-Prefix.pch */ = {isa = PBXFileReference; lastKnownFileType = sourcecode.c.h; path = "luddite_ios-Prefix.pch"; sourceTree = "<group>"; };
		6DB567A01581D3CC000A59ED /* CMakeLists.txt */ = {isa = PBXFileReference; fileEncoding = 4; lastKnownFileType = text; path = CMakeLists.txt; sourceTree = "<group>"; };
		6DB567A21581D3CC000A59ED /* allocator.cpp */ = {isa = PBXFileReference; fileEncoding = 4; lastKnownFileType = sourcecode.cpp.cpp; path = allocator.cpp; sourceTree = "<group>"; };
		6DB567A31581D3CC000A59ED /* debug.cpp */ = {isa = PBXFileReference; fileEncoding = 4; lastKnownFileType = sourcecode.cpp.cpp; path = debug.cpp; sourceTree = "<group>"; };
		6DB567A41581D3CC000A59ED /* debug.h */ = {isa = PBXFileReference; fileEncoding = 4; lastKnownFileType = sourcecode.c.h; path = debug.h; sourceTree = "<group>"; };
		6DB567A81581D3CC000A59ED /* platform.h */ = {isa = PBXFileReference; fileEncoding = 4; lastKnownFileType = sourcecode.c.h; path = platform.h; sourceTree = "<group>"; };
		6DF342461581D6BB008FBD40 /* ios_debug.cpp */ = {isa = PBXFileReference; fileEncoding = 4; lastKnownFileType = sourcecode.cpp.cpp; path = ios_debug.cpp; sourceTree = "<group>"; };
/* End PBXFileReference section */

/* Begin PBXFrameworksBuildPhase section */
		6DB567861581D2D8000A59ED /* Frameworks */ = {
			isa = PBXFrameworksBuildPhase;
			buildActionMask = 2147483647;
			files = (
				6DB5678D1581D2D8000A59ED /* Foundation.framework in Frameworks */,
			);
			runOnlyForDeploymentPostprocessing = 0;
		};
/* End PBXFrameworksBuildPhase section */

/* Begin PBXGroup section */
		6D35122D15A56F7E000CA0C3 /* game */ = {
			isa = PBXGroup;
			children = (
				6D35122915A56B99000CA0C3 /* gameloop.h */,
				6D35122B15A56F71000CA0C3 /* gameloop.cpp */,
			);
			name = game;
			sourceTree = "<group>";
		};
		6DA6D49A15C6079E00168010 /* render */ = {
			isa = PBXGroup;
			children = (
				6DA6D49C15C6080A00168010 /* gbuff.h */,
				6DA6D49E15C60AC000168010 /* gbuff.cpp */,
				6DA6D4A215C60B3D00168010 /* render_device.h */,
				6DA6D4A015C60B2400168010 /* render_device.cpp */,
				6DA6D4A315C60DFF00168010 /* drawvert.h */,
				6DA6D4A415C6161000168010 /* gbuff_prim.h */,
				6DA6D4A515C616A100168010 /* gbuff_prim.cpp */,
				6DA6D4A815C62B0200168010 /* render_device_es2.h */,
				6DA6D4AB15C62C0700168010 /* render_device_es2.cpp */,
				6D9352F215CBB26100F24ED5 /* scene_node.h */,
				6D9352F415CBB27900F24ED5 /* scene_node.cpp */,
				6D9352F615CBBA7600F24ED5 /* gbatch.h */,
				6D9352F715CBBAFD00F24ED5 /* gbatch.cpp */,
			);
			name = render;
			sourceTree = "<group>";
		};
		6DB5677E1581D2D8000A59ED = {
			isa = PBXGroup;
			children = (
				6DB5679F1581D3CC000A59ED /* luddite */,
				6DB5678E1581D2D8000A59ED /* luddite_ios */,
				6DB5678B1581D2D8000A59ED /* Frameworks */,
				6DB5678A1581D2D8000A59ED /* Products */,
			);
			sourceTree = "<group>";
		};
		6DB5678A1581D2D8000A59ED /* Products */ = {
			isa = PBXGroup;
			children = (
				6DB567891581D2D8000A59ED /* libluddite_ios.a */,
			);
			name = Products;
			sourceTree = "<group>";
		};
		6DB5678B1581D2D8000A59ED /* Frameworks */ = {
			isa = PBXGroup;
			children = (
				6DB5678C1581D2D8000A59ED /* Foundation.framework */,
			);
			name = Frameworks;
			sourceTree = "<group>";
		};
		6DB5678E1581D2D8000A59ED /* luddite_ios */ = {
			isa = PBXGroup;
			children = (
				6DB5678F1581D2D8000A59ED /* Supporting Files */,
			);
			path = luddite_ios;
			sourceTree = "<group>";
		};
		6DB5678F1581D2D8000A59ED /* Supporting Files */ = {
			isa = PBXGroup;
			children = (
				6DB567901581D2D8000A59ED /* luddite_ios-Prefix.pch */,
			);
			name = "Supporting Files";
			sourceTree = "<group>";
		};
		6DB5679F1581D3CC000A59ED /* luddite */ = {
			isa = PBXGroup;
			children = (
				6DB567A01581D3CC000A59ED /* CMakeLists.txt */,
				6DB567A11581D3CC000A59ED /* common */,
				6DB567A51581D3CC000A59ED /* platform */,
				6DA6D49A15C6079E00168010 /* render */,
				6D35122D15A56F7E000CA0C3 /* game */,
			);
			name = luddite;
			path = ../luddite;
			sourceTree = "<group>";
		};
		6DB567A11581D3CC000A59ED /* common */ = {
			isa = PBXGroup;
			children = (
				6DB567A21581D3CC000A59ED /* allocator.cpp */,
				6DB567A31581D3CC000A59ED /* debug.cpp */,
				6DB567A41581D3CC000A59ED /* debug.h */,
			);
			path = common;
			sourceTree = "<group>";
		};
		6DB567A51581D3CC000A59ED /* platform */ = {
			isa = PBXGroup;
			children = (
				6DF342451581D6BB008FBD40 /* ios */,
				6DB567A81581D3CC000A59ED /* platform.h */,
			);
			path = platform;
			sourceTree = "<group>";
		};
		6DF342451581D6BB008FBD40 /* ios */ = {
			isa = PBXGroup;
			children = (
				6DF342461581D6BB008FBD40 /* ios_debug.cpp */,
			);
			path = ios;
			sourceTree = "<group>";
		};
/* End PBXGroup section */

/* Begin PBXHeadersBuildPhase section */
		6DB567871581D2D8000A59ED /* Headers */ = {
			isa = PBXHeadersBuildPhase;
			buildActionMask = 2147483647;
			files = (
				6DB567AB1581D3CC000A59ED /* debug.h in Headers */,
				6DB567AD1581D3CC000A59ED /* platform.h in Headers */,
			);
			runOnlyForDeploymentPostprocessing = 0;
		};
/* End PBXHeadersBuildPhase section */

/* Begin PBXNativeTarget section */
		6DB567881581D2D8000A59ED /* luddite_ios */ = {
			isa = PBXNativeTarget;
			buildConfigurationList = 6DB567961581D2D8000A59ED /* Build configuration list for PBXNativeTarget "luddite_ios" */;
			buildPhases = (
				6DB567851581D2D8000A59ED /* Sources */,
				6DB567861581D2D8000A59ED /* Frameworks */,
				6DB567871581D2D8000A59ED /* Headers */,
			);
			buildRules = (
			);
			dependencies = (
			);
			name = luddite_ios;
			productName = luddite_ios;
			productReference = 6DB567891581D2D8000A59ED /* libluddite_ios.a */;
			productType = "com.apple.product-type.library.static";
		};
/* End PBXNativeTarget section */

/* Begin PBXProject section */
		6DB567801581D2D8000A59ED /* Project object */ = {
			isa = PBXProject;
			attributes = {
				LastUpgradeCheck = 0430;
				ORGANIZATIONNAME = "Joel Davis";
			};
			buildConfigurationList = 6DB567831581D2D8000A59ED /* Build configuration list for PBXProject "luddite_ios" */;
			compatibilityVersion = "Xcode 3.2";
			developmentRegion = English;
			hasScannedForEncodings = 0;
			knownRegions = (
				en,
			);
			mainGroup = 6DB5677E1581D2D8000A59ED;
			productRefGroup = 6DB5678A1581D2D8000A59ED /* Products */;
			projectDirPath = "";
			projectRoot = "";
			targets = (
				6DB567881581D2D8000A59ED /* luddite_ios */,
			);
		};
/* End PBXProject section */

/* Begin PBXSourcesBuildPhase section */
		6DB567851581D2D8000A59ED /* Sources */ = {
			isa = PBXSourcesBuildPhase;
			buildActionMask = 2147483647;
			files = (
				6DB567A91581D3CC000A59ED /* allocator.cpp in Sources */,
				6DB567AA1581D3CC000A59ED /* debug.cpp in Sources */,
				6DF342471581D6BB008FBD40 /* ios_debug.cpp in Sources */,
				6D35122C15A56F71000CA0C3 /* gameloop.cpp in Sources */,
				6DA6D49F15C60AC000168010 /* gbuff.cpp in Sources */,
				6DA6D4A115C60B2400168010 /* render_device.cpp in Sources */,
				6DA6D4A615C616A100168010 /* gbuff_prim.cpp in Sources */,
				6DA6D4AC15C62C0700168010 /* render_device_es2.cpp in Sources */,
				6D9352F515CBB27900F24ED5 /* scene_node.cpp in Sources */,
				6D9352F815CBBAFD00F24ED5 /* gbatch.cpp in Sources */,
			);
			runOnlyForDeploymentPostprocessing = 0;
		};
/* End PBXSourcesBuildPhase section */

/* Begin XCBuildConfiguration section */
		6DB567941581D2D8000A59ED /* Debug */ = {
			isa = XCBuildConfiguration;
			buildSettings = {
				ALWAYS_SEARCH_USER_PATHS = NO;
				ARCHS = "$(ARCHS_STANDARD_32_BIT)";
				COPY_PHASE_STRIP = NO;
				FRAMEWORK_SEARCH_PATHS = "";
				GCC_C_LANGUAGE_STANDARD = gnu99;
				GCC_DYNAMIC_NO_PIC = NO;
				GCC_OPTIMIZATION_LEVEL = 0;
				GCC_PREPROCESSOR_DEFINITIONS = (
					"DEBUG=1",
					"$(inherited)",
				);
				GCC_SYMBOLS_PRIVATE_EXTERN = NO;
				GCC_VERSION = com.apple.compilers.llvm.clang.1_0;
				GCC_WARN_ABOUT_RETURN_TYPE = YES;
				GCC_WARN_UNINITIALIZED_AUTOS = YES;
				GCC_WARN_UNUSED_VARIABLE = YES;
				HEADER_SEARCH_PATHS = (
					"${SRCROOT}/../luddite/",
					"$(SRCROOT)/../extern/eastl/include/",
					"$(SRCROOT)/../",
					"$(SRCROOT)/../extern/",
				);
				IPHONEOS_DEPLOYMENT_TARGET = 5.1;
				SDKROOT = iphoneos;
			};
			name = Debug;
		};
		6DB567951581D2D8000A59ED /* Release */ = {
			isa = XCBuildConfiguration;
			buildSettings = {
				ALWAYS_SEARCH_USER_PATHS = NO;
				ARCHS = "$(ARCHS_STANDARD_32_BIT)";
				COPY_PHASE_STRIP = YES;
				FRAMEWORK_SEARCH_PATHS = "";
				GCC_C_LANGUAGE_STANDARD = gnu99;
				GCC_VERSION = com.apple.compilers.llvm.clang.1_0;
				GCC_WARN_ABOUT_RETURN_TYPE = YES;
				GCC_WARN_UNINITIALIZED_AUTOS = YES;
				GCC_WARN_UNUSED_VARIABLE = YES;
				HEADER_SEARCH_PATHS = (
					"${SRCROOT}/../luddite/",
					"$(SRCROOT)/../extern/eastl/include/",
					"$(SRCROOT)/../",
					"$(SRCROOT)/../extern/",
				);
				IPHONEOS_DEPLOYMENT_TARGET = 5.1;
				SDKROOT = iphoneos;
				VALIDATE_PRODUCT = YES;
			};
			name = Release;
		};
		6DB567971581D2D8000A59ED /* Debug */ = {
			isa = XCBuildConfiguration;
			buildSettings = {
				DSTROOT = /tmp/luddite_ios.dst;
				GCC_PRECOMPILE_PREFIX_HEADER = YES;
				GCC_PREFIX_HEADER = "luddite_ios/luddite_ios-Prefix.pch";
				OTHER_LDFLAGS = "-ObjC";
				PRODUCT_NAME = "$(TARGET_NAME)";
				SKIP_INSTALL = YES;
			};
			name = Debug;
		};
		6DB567981581D2D8000A59ED /* Release */ = {
			isa = XCBuildConfiguration;
			buildSettings = {
				DSTROOT = /tmp/luddite_ios.dst;
				GCC_PRECOMPILE_PREFIX_HEADER = YES;
				GCC_PREFIX_HEADER = "luddite_ios/luddite_ios-Prefix.pch";
				OTHER_LDFLAGS = "-ObjC";
				PRODUCT_NAME = "$(TARGET_NAME)";
				SKIP_INSTALL = YES;
			};
			name = Release;
		};
/* End XCBuildConfiguration section */

/* Begin XCConfigurationList section */
		6DB567831581D2D8000A59ED /* Build configuration list for PBXProject "luddite_ios" */ = {
			isa = XCConfigurationList;
			buildConfigurations = (
				6DB567941581D2D8000A59ED /* Debug */,
				6DB567951581D2D8000A59ED /* Release */,
			);
			defaultConfigurationIsVisible = 0;
			defaultConfigurationName = Release;
		};
		6DB567961581D2D8000A59ED /* Build configuration list for PBXNativeTarget "luddite_ios" */ = {
			isa = XCConfigurationList;
			buildConfigurations = (
				6DB567971581D2D8000A59ED /* Debug */,
				6DB567981581D2D8000A59ED /* Release */,
			);
			defaultConfigurationIsVisible = 0;
			defaultConfigurationName = Release;
		};
/* End XCConfigurationList section */
	};
	rootObject = 6DB567801581D2D8000A59ED /* Project object */;
}
