// !$*UTF8*$!
{
	archiveVersion = 1;
	classes = {
	};
	objectVersion = 46;
	objects = {

/* Begin PBXBuildFile section */
		6D1E392E1B405A830017B40F /* main.m in Sources */ = {isa = PBXBuildFile; fileRef = 6D1E392D1B405A830017B40F /* main.m */; };
		6D1E39311B405A830017B40F /* AppDelegate.m in Sources */ = {isa = PBXBuildFile; fileRef = 6D1E39301B405A830017B40F /* AppDelegate.m */; };
		6D1E39341B405A830017B40F /* TKMaterialExampleViewController.mm in Sources */ = {isa = PBXBuildFile; fileRef = 6D1E39331B405A830017B40F /* TKMaterialExampleViewController.mm */; };
		6D1E39371B405A830017B40F /* Main.storyboard in Resources */ = {isa = PBXBuildFile; fileRef = 6D1E39351B405A830017B40F /* Main.storyboard */; };
		6D1E39391B405A830017B40F /* Images.xcassets in Resources */ = {isa = PBXBuildFile; fileRef = 6D1E39381B405A830017B40F /* Images.xcassets */; };
		6D1E393C1B405A830017B40F /* LaunchScreen.xib in Resources */ = {isa = PBXBuildFile; fileRef = 6D1E393A1B405A830017B40F /* LaunchScreen.xib */; };
		6D1E39531B405D1D0017B40F /* MaterialGame.cpp in Sources */ = {isa = PBXBuildFile; fileRef = 6D1E39511B405D1D0017B40F /* MaterialGame.cpp */; };
		6D1E39551B4065370017B40F /* GLKit.framework in Frameworks */ = {isa = PBXBuildFile; fileRef = 6D1E39541B4065370017B40F /* GLKit.framework */; };
		6D1E39591B40F2650017B40F /* basic.glsl in Resources */ = {isa = PBXBuildFile; fileRef = 6D1E39571B40F2650017B40F /* basic.glsl */; };
		6D1E395A1B40F2650017B40F /* basic.material.xml in Resources */ = {isa = PBXBuildFile; fileRef = 6D1E39581B40F2650017B40F /* basic.material.xml */; };
		6D1E395C1B40FA460017B40F /* mtl_test_sph.obj in Resources */ = {isa = PBXBuildFile; fileRef = 6D1E395B1B40FA460017B40F /* mtl_test_sph.obj */; };
		A5C8F97ECAC29F015429BFEA /* libPods-material.a in Frameworks */ = {isa = PBXBuildFile; fileRef = C3CB29A73D9DDEC05C9420B5 /* libPods-material.a */; };
/* End PBXBuildFile section */

/* Begin PBXFileReference section */
		1D4A02094F02DA1E1934DFBF /* Pods-material.debug.xcconfig */ = {isa = PBXFileReference; includeInIndex = 1; lastKnownFileType = text.xcconfig; name = "Pods-material.debug.xcconfig"; path = "Pods/Target Support Files/Pods-material/Pods-material.debug.xcconfig"; sourceTree = "<group>"; };
		66F3516760E2FA4D1872254B /* Pods-material.release.xcconfig */ = {isa = PBXFileReference; includeInIndex = 1; lastKnownFileType = text.xcconfig; name = "Pods-material.release.xcconfig"; path = "Pods/Target Support Files/Pods-material/Pods-material.release.xcconfig"; sourceTree = "<group>"; };
		6D1E39281B405A830017B40F /* material.app */ = {isa = PBXFileReference; explicitFileType = wrapper.application; includeInIndex = 0; path = material.app; sourceTree = BUILT_PRODUCTS_DIR; };
		6D1E392C1B405A830017B40F /* Info.plist */ = {isa = PBXFileReference; lastKnownFileType = text.plist.xml; path = Info.plist; sourceTree = "<group>"; };
		6D1E392D1B405A830017B40F /* main.m */ = {isa = PBXFileReference; lastKnownFileType = sourcecode.c.objc; path = main.m; sourceTree = "<group>"; };
		6D1E392F1B405A830017B40F /* AppDelegate.h */ = {isa = PBXFileReference; lastKnownFileType = sourcecode.c.h; path = AppDelegate.h; sourceTree = "<group>"; };
		6D1E39301B405A830017B40F /* AppDelegate.m */ = {isa = PBXFileReference; lastKnownFileType = sourcecode.c.objc; path = AppDelegate.m; sourceTree = "<group>"; };
		6D1E39321B405A830017B40F /* TKMaterialExampleViewController.h */ = {isa = PBXFileReference; lastKnownFileType = sourcecode.c.h; path = TKMaterialExampleViewController.h; sourceTree = "<group>"; };
		6D1E39331B405A830017B40F /* TKMaterialExampleViewController.mm */ = {isa = PBXFileReference; lastKnownFileType = sourcecode.cpp.objcpp; path = TKMaterialExampleViewController.mm; sourceTree = "<group>"; };
		6D1E39361B405A830017B40F /* Base */ = {isa = PBXFileReference; lastKnownFileType = file.storyboard; name = Base; path = Base.lproj/Main.storyboard; sourceTree = "<group>"; };
		6D1E39381B405A830017B40F /* Images.xcassets */ = {isa = PBXFileReference; lastKnownFileType = folder.assetcatalog; path = Images.xcassets; sourceTree = "<group>"; };
		6D1E393B1B405A830017B40F /* Base */ = {isa = PBXFileReference; lastKnownFileType = file.xib; name = Base; path = Base.lproj/LaunchScreen.xib; sourceTree = "<group>"; };
		6D1E39511B405D1D0017B40F /* MaterialGame.cpp */ = {isa = PBXFileReference; fileEncoding = 4; lastKnownFileType = sourcecode.cpp.cpp; path = MaterialGame.cpp; sourceTree = "<group>"; };
		6D1E39521B405D1D0017B40F /* MaterialGame.h */ = {isa = PBXFileReference; fileEncoding = 4; lastKnownFileType = sourcecode.c.h; path = MaterialGame.h; sourceTree = "<group>"; };
		6D1E39541B4065370017B40F /* GLKit.framework */ = {isa = PBXFileReference; lastKnownFileType = wrapper.framework; name = GLKit.framework; path = System/Library/Frameworks/GLKit.framework; sourceTree = SDKROOT; };
		6D1E39571B40F2650017B40F /* basic.glsl */ = {isa = PBXFileReference; fileEncoding = 4; lastKnownFileType = text; path = basic.glsl; sourceTree = "<group>"; };
		6D1E39581B40F2650017B40F /* basic.material.xml */ = {isa = PBXFileReference; fileEncoding = 4; lastKnownFileType = text.xml; path = basic.material.xml; sourceTree = "<group>"; };
		6D1E395B1B40FA460017B40F /* mtl_test_sph.obj */ = {isa = PBXFileReference; fileEncoding = 4; lastKnownFileType = text; path = mtl_test_sph.obj; sourceTree = "<group>"; };
		C3CB29A73D9DDEC05C9420B5 /* libPods-material.a */ = {isa = PBXFileReference; explicitFileType = archive.ar; includeInIndex = 0; path = "libPods-material.a"; sourceTree = BUILT_PRODUCTS_DIR; };
/* End PBXFileReference section */

/* Begin PBXFrameworksBuildPhase section */
		6D1E39251B405A830017B40F /* Frameworks */ = {
			isa = PBXFrameworksBuildPhase;
			buildActionMask = 2147483647;
			files = (
				6D1E39551B4065370017B40F /* GLKit.framework in Frameworks */,
				A5C8F97ECAC29F015429BFEA /* libPods-material.a in Frameworks */,
			);
			runOnlyForDeploymentPostprocessing = 0;
		};
/* End PBXFrameworksBuildPhase section */

/* Begin PBXGroup section */
		6D1E391F1B405A830017B40F = {
			isa = PBXGroup;
			children = (
				6D1E392A1B405A830017B40F /* material */,
				6D1E39291B405A830017B40F /* Products */,
				6EB59EA3146273BA8E351A64 /* Pods */,
				74F8B66703DFA84A6007EA48 /* Frameworks */,
			);
			sourceTree = "<group>";
		};
		6D1E39291B405A830017B40F /* Products */ = {
			isa = PBXGroup;
			children = (
				6D1E39281B405A830017B40F /* material.app */,
			);
			name = Products;
			sourceTree = "<group>";
		};
		6D1E392A1B405A830017B40F /* material */ = {
			isa = PBXGroup;
			children = (
				6D1E39561B40F2650017B40F /* gamedata */,
				6D1E392F1B405A830017B40F /* AppDelegate.h */,
				6D1E39301B405A830017B40F /* AppDelegate.m */,
				6D1E39321B405A830017B40F /* TKMaterialExampleViewController.h */,
				6D1E39331B405A830017B40F /* TKMaterialExampleViewController.mm */,
				6D1E39351B405A830017B40F /* Main.storyboard */,
				6D1E39381B405A830017B40F /* Images.xcassets */,
				6D1E393A1B405A830017B40F /* LaunchScreen.xib */,
				6D1E392B1B405A830017B40F /* Supporting Files */,
				6D1E39511B405D1D0017B40F /* MaterialGame.cpp */,
				6D1E39521B405D1D0017B40F /* MaterialGame.h */,
			);
			path = material;
			sourceTree = "<group>";
		};
		6D1E392B1B405A830017B40F /* Supporting Files */ = {
			isa = PBXGroup;
			children = (
				6D1E392C1B405A830017B40F /* Info.plist */,
				6D1E392D1B405A830017B40F /* main.m */,
			);
			name = "Supporting Files";
			sourceTree = "<group>";
		};
		6D1E39561B40F2650017B40F /* gamedata */ = {
			isa = PBXGroup;
			children = (
				6D1E395B1B40FA460017B40F /* mtl_test_sph.obj */,
				6D1E39571B40F2650017B40F /* basic.glsl */,
				6D1E39581B40F2650017B40F /* basic.material.xml */,
			);
			path = gamedata;
			sourceTree = SOURCE_ROOT;
		};
		6EB59EA3146273BA8E351A64 /* Pods */ = {
			isa = PBXGroup;
			children = (
				1D4A02094F02DA1E1934DFBF /* Pods-material.debug.xcconfig */,
				66F3516760E2FA4D1872254B /* Pods-material.release.xcconfig */,
			);
			name = Pods;
			sourceTree = "<group>";
		};
		74F8B66703DFA84A6007EA48 /* Frameworks */ = {
			isa = PBXGroup;
			children = (
				6D1E39541B4065370017B40F /* GLKit.framework */,
				C3CB29A73D9DDEC05C9420B5 /* libPods-material.a */,
			);
			name = Frameworks;
			sourceTree = "<group>";
		};
/* End PBXGroup section */

/* Begin PBXNativeTarget section */
		6D1E39271B405A830017B40F /* material */ = {
			isa = PBXNativeTarget;
			buildConfigurationList = 6D1E394B1B405A830017B40F /* Build configuration list for PBXNativeTarget "material" */;
			buildPhases = (
				C921B559C0CECE46539018C6 /* Check Pods Manifest.lock */,
				6D1E39241B405A830017B40F /* Sources */,
				6D1E39251B405A830017B40F /* Frameworks */,
				6D1E39261B405A830017B40F /* Resources */,
				C854BA2A8AE3E6BCA831E79B /* Copy Pods Resources */,
			);
			buildRules = (
			);
			dependencies = (
			);
			name = material;
			productName = material;
			productReference = 6D1E39281B405A830017B40F /* material.app */;
			productType = "com.apple.product-type.application";
		};
/* End PBXNativeTarget section */

/* Begin PBXProject section */
		6D1E39201B405A830017B40F /* Project object */ = {
			isa = PBXProject;
			attributes = {
				LastUpgradeCheck = 0630;
				ORGANIZATIONNAME = "Joel Davis";
				TargetAttributes = {
					6D1E39271B405A830017B40F = {
						CreatedOnToolsVersion = 6.3.2;
					};
				};
			};
			buildConfigurationList = 6D1E39231B405A830017B40F /* Build configuration list for PBXProject "material" */;
			compatibilityVersion = "Xcode 3.2";
			developmentRegion = English;
			hasScannedForEncodings = 0;
			knownRegions = (
				en,
				Base,
			);
			mainGroup = 6D1E391F1B405A830017B40F;
			productRefGroup = 6D1E39291B405A830017B40F /* Products */;
			projectDirPath = "";
			projectRoot = "";
			targets = (
				6D1E39271B405A830017B40F /* material */,
			);
		};
/* End PBXProject section */

/* Begin PBXResourcesBuildPhase section */
		6D1E39261B405A830017B40F /* Resources */ = {
			isa = PBXResourcesBuildPhase;
			buildActionMask = 2147483647;
			files = (
				6D1E395A1B40F2650017B40F /* basic.material.xml in Resources */,
				6D1E39591B40F2650017B40F /* basic.glsl in Resources */,
				6D1E39371B405A830017B40F /* Main.storyboard in Resources */,
				6D1E395C1B40FA460017B40F /* mtl_test_sph.obj in Resources */,
				6D1E393C1B405A830017B40F /* LaunchScreen.xib in Resources */,
				6D1E39391B405A830017B40F /* Images.xcassets in Resources */,
			);
			runOnlyForDeploymentPostprocessing = 0;
		};
/* End PBXResourcesBuildPhase section */

/* Begin PBXShellScriptBuildPhase section */
		C854BA2A8AE3E6BCA831E79B /* Copy Pods Resources */ = {
			isa = PBXShellScriptBuildPhase;
			buildActionMask = 2147483647;
			files = (
			);
			inputPaths = (
			);
			name = "Copy Pods Resources";
			outputPaths = (
			);
			runOnlyForDeploymentPostprocessing = 0;
			shellPath = /bin/sh;
			shellScript = "\"${SRCROOT}/Pods/Target Support Files/Pods-material/Pods-material-resources.sh\"\n";
			showEnvVarsInLog = 0;
		};
		C921B559C0CECE46539018C6 /* Check Pods Manifest.lock */ = {
			isa = PBXShellScriptBuildPhase;
			buildActionMask = 2147483647;
			files = (
			);
			inputPaths = (
			);
			name = "Check Pods Manifest.lock";
			outputPaths = (
			);
			runOnlyForDeploymentPostprocessing = 0;
			shellPath = /bin/sh;
			shellScript = "diff \"${PODS_ROOT}/../Podfile.lock\" \"${PODS_ROOT}/Manifest.lock\" > /dev/null\nif [[ $? != 0 ]] ; then\n    cat << EOM\nerror: The sandbox is not in sync with the Podfile.lock. Run 'pod install' or update your CocoaPods installation.\nEOM\n    exit 1\nfi\n";
			showEnvVarsInLog = 0;
		};
/* End PBXShellScriptBuildPhase section */

/* Begin PBXSourcesBuildPhase section */
		6D1E39241B405A830017B40F /* Sources */ = {
			isa = PBXSourcesBuildPhase;
			buildActionMask = 2147483647;
			files = (
				6D1E39341B405A830017B40F /* TKMaterialExampleViewController.mm in Sources */,
				6D1E39311B405A830017B40F /* AppDelegate.m in Sources */,
				6D1E39531B405D1D0017B40F /* MaterialGame.cpp in Sources */,
				6D1E392E1B405A830017B40F /* main.m in Sources */,
			);
			runOnlyForDeploymentPostprocessing = 0;
		};
/* End PBXSourcesBuildPhase section */

/* Begin PBXVariantGroup section */
		6D1E39351B405A830017B40F /* Main.storyboard */ = {
			isa = PBXVariantGroup;
			children = (
				6D1E39361B405A830017B40F /* Base */,
			);
			name = Main.storyboard;
			sourceTree = "<group>";
		};
		6D1E393A1B405A830017B40F /* LaunchScreen.xib */ = {
			isa = PBXVariantGroup;
			children = (
				6D1E393B1B405A830017B40F /* Base */,
			);
			name = LaunchScreen.xib;
			sourceTree = "<group>";
		};
/* End PBXVariantGroup section */

/* Begin XCBuildConfiguration section */
		6D1E39491B405A830017B40F /* Debug */ = {
			isa = XCBuildConfiguration;
			buildSettings = {
				ALWAYS_SEARCH_USER_PATHS = NO;
				CLANG_CXX_LANGUAGE_STANDARD = "gnu++0x";
				CLANG_CXX_LIBRARY = "libc++";
				CLANG_ENABLE_MODULES = YES;
				CLANG_ENABLE_OBJC_ARC = YES;
				CLANG_WARN_BOOL_CONVERSION = YES;
				CLANG_WARN_CONSTANT_CONVERSION = YES;
				CLANG_WARN_DIRECT_OBJC_ISA_USAGE = YES_ERROR;
				CLANG_WARN_EMPTY_BODY = YES;
				CLANG_WARN_ENUM_CONVERSION = YES;
				CLANG_WARN_INT_CONVERSION = YES;
				CLANG_WARN_OBJC_ROOT_CLASS = YES_ERROR;
				CLANG_WARN_UNREACHABLE_CODE = YES;
				CLANG_WARN__DUPLICATE_METHOD_MATCH = YES;
				"CODE_SIGN_IDENTITY[sdk=iphoneos*]" = "iPhone Developer";
				COPY_PHASE_STRIP = NO;
				DEBUG_INFORMATION_FORMAT = "dwarf-with-dsym";
				ENABLE_STRICT_OBJC_MSGSEND = YES;
				GCC_C_LANGUAGE_STANDARD = gnu99;
				GCC_DYNAMIC_NO_PIC = NO;
				GCC_NO_COMMON_BLOCKS = YES;
				GCC_OPTIMIZATION_LEVEL = 0;
				GCC_PREPROCESSOR_DEFINITIONS = (
					"DEBUG=1",
					"$(inherited)",
				);
				GCC_SYMBOLS_PRIVATE_EXTERN = NO;
				GCC_WARN_64_TO_32_BIT_CONVERSION = YES;
				GCC_WARN_ABOUT_RETURN_TYPE = YES_ERROR;
				GCC_WARN_UNDECLARED_SELECTOR = YES;
				GCC_WARN_UNINITIALIZED_AUTOS = YES_AGGRESSIVE;
				GCC_WARN_UNUSED_FUNCTION = YES;
				GCC_WARN_UNUSED_VARIABLE = YES;
				IPHONEOS_DEPLOYMENT_TARGET = 8.0;
				MTL_ENABLE_DEBUG_INFO = YES;
				ONLY_ACTIVE_ARCH = YES;
				SDKROOT = iphoneos;
				TARGETED_DEVICE_FAMILY = "1,2";
			};
			name = Debug;
		};
		6D1E394A1B405A830017B40F /* Release */ = {
			isa = XCBuildConfiguration;
			buildSettings = {
				ALWAYS_SEARCH_USER_PATHS = NO;
				CLANG_CXX_LANGUAGE_STANDARD = "gnu++0x";
				CLANG_CXX_LIBRARY = "libc++";
				CLANG_ENABLE_MODULES = YES;
				CLANG_ENABLE_OBJC_ARC = YES;
				CLANG_WARN_BOOL_CONVERSION = YES;
				CLANG_WARN_CONSTANT_CONVERSION = YES;
				CLANG_WARN_DIRECT_OBJC_ISA_USAGE = YES_ERROR;
				CLANG_WARN_EMPTY_BODY = YES;
				CLANG_WARN_ENUM_CONVERSION = YES;
				CLANG_WARN_INT_CONVERSION = YES;
				CLANG_WARN_OBJC_ROOT_CLASS = YES_ERROR;
				CLANG_WARN_UNREACHABLE_CODE = YES;
				CLANG_WARN__DUPLICATE_METHOD_MATCH = YES;
				"CODE_SIGN_IDENTITY[sdk=iphoneos*]" = "iPhone Developer";
				COPY_PHASE_STRIP = NO;
				DEBUG_INFORMATION_FORMAT = "dwarf-with-dsym";
				ENABLE_NS_ASSERTIONS = NO;
				ENABLE_STRICT_OBJC_MSGSEND = YES;
				GCC_C_LANGUAGE_STANDARD = gnu99;
				GCC_NO_COMMON_BLOCKS = YES;
				GCC_WARN_64_TO_32_BIT_CONVERSION = YES;
				GCC_WARN_ABOUT_RETURN_TYPE = YES_ERROR;
				GCC_WARN_UNDECLARED_SELECTOR = YES;
				GCC_WARN_UNINITIALIZED_AUTOS = YES_AGGRESSIVE;
				GCC_WARN_UNUSED_FUNCTION = YES;
				GCC_WARN_UNUSED_VARIABLE = YES;
				IPHONEOS_DEPLOYMENT_TARGET = 8.0;
				MTL_ENABLE_DEBUG_INFO = NO;
				SDKROOT = iphoneos;
				TARGETED_DEVICE_FAMILY = "1,2";
				VALIDATE_PRODUCT = YES;
			};
			name = Release;
		};
		6D1E394C1B405A830017B40F /* Debug */ = {
			isa = XCBuildConfiguration;
			baseConfigurationReference = 1D4A02094F02DA1E1934DFBF /* Pods-material.debug.xcconfig */;
			buildSettings = {
				ASSETCATALOG_COMPILER_APPICON_NAME = AppIcon;
				INFOPLIST_FILE = material/Info.plist;
				LD_RUNPATH_SEARCH_PATHS = "$(inherited) @executable_path/Frameworks";
				PRODUCT_NAME = "$(TARGET_NAME)";
			};
			name = Debug;
		};
		6D1E394D1B405A830017B40F /* Release */ = {
			isa = XCBuildConfiguration;
			baseConfigurationReference = 66F3516760E2FA4D1872254B /* Pods-material.release.xcconfig */;
			buildSettings = {
				ASSETCATALOG_COMPILER_APPICON_NAME = AppIcon;
				INFOPLIST_FILE = material/Info.plist;
				LD_RUNPATH_SEARCH_PATHS = "$(inherited) @executable_path/Frameworks";
				PRODUCT_NAME = "$(TARGET_NAME)";
			};
			name = Release;
		};
/* End XCBuildConfiguration section */

/* Begin XCConfigurationList section */
		6D1E39231B405A830017B40F /* Build configuration list for PBXProject "material" */ = {
			isa = XCConfigurationList;
			buildConfigurations = (
				6D1E39491B405A830017B40F /* Debug */,
				6D1E394A1B405A830017B40F /* Release */,
			);
			defaultConfigurationIsVisible = 0;
			defaultConfigurationName = Release;
		};
		6D1E394B1B405A830017B40F /* Build configuration list for PBXNativeTarget "material" */ = {
			isa = XCConfigurationList;
			buildConfigurations = (
				6D1E394C1B405A830017B40F /* Debug */,
				6D1E394D1B405A830017B40F /* Release */,
			);
			defaultConfigurationIsVisible = 0;
			defaultConfigurationName = Release;
		};
/* End XCConfigurationList section */
	};
	rootObject = 6D1E39201B405A830017B40F /* Project object */;
}
